// !$*UTF8*$!
{
	archiveVersion = 1;
	classes = {
	};
	objectVersion = 46;
	objects = {

/* Begin PBXBuildFile section */
		1475A23092E706510ADFD3A1 /* Images.xcassets in Resources */ = {isa = PBXBuildFile; fileRef = E7F2ADA9BAF9C9CBCF8D8740 /* Images.xcassets */; };
		2EAF7BF2232056B8C82CEA79 /* main.m in Sources */ = {isa = PBXBuildFile; fileRef = 6356392ECEB9D5944A0E1B4C /* main.m */; };
		846DCAB447EDDFB02E10948C /* AppDelegate.m in Sources */ = {isa = PBXBuildFile; fileRef = C8D6336057FAD9878956473F /* AppDelegate.m */; };
		96E965CE08B21B4B257CD9C5 /* libPods-Wrappa Example.a in Frameworks */ = {isa = PBXBuildFile; fileRef = FF3CD8642E418A770E872333 /* libPods-Wrappa Example.a */; };
		E007EC3B1D528FD4005AB7D7 /* Launch Screen.storyboard in Resources */ = {isa = PBXBuildFile; fileRef = E007EC3A1D528FD4005AB7D7 /* Launch Screen.storyboard */; };
		E007EC421D5348CB005AB7D7 /* WRCollectionHeaderView.xib in Resources */ = {isa = PBXBuildFile; fileRef = E007EC411D5348CB005AB7D7 /* WRCollectionHeaderView.xib */; };
		E007EC451D534902005AB7D7 /* WRCollectionHeaderView.m in Sources */ = {isa = PBXBuildFile; fileRef = E007EC441D534902005AB7D7 /* WRCollectionHeaderView.m */; };
		E00AC7551D5254C100AB72CC /* UITableView+Wrappa.m in Sources */ = {isa = PBXBuildFile; fileRef = E00AC7541D5254C100AB72CC /* UITableView+Wrappa.m */; };
		E00AC7701D5262BF00AB72CC /* WRWrappaCollectionViewController.m in Sources */ = {isa = PBXBuildFile; fileRef = E00AC76F1D5262BF00AB72CC /* WRWrappaCollectionViewController.m */; };
		E00AC7851D526BAC00AB72CC /* WRTextCell.m in Sources */ = {isa = PBXBuildFile; fileRef = E00AC77F1D526BAC00AB72CC /* WRTextCell.m */; };
		E00AC7861D526BAC00AB72CC /* WRTextCell.xib in Resources */ = {isa = PBXBuildFile; fileRef = E00AC7801D526BAC00AB72CC /* WRTextCell.xib */; };
		E00AC7871D526BAC00AB72CC /* WRTextCellSource.m in Sources */ = {isa = PBXBuildFile; fileRef = E00AC7821D526BAC00AB72CC /* WRTextCellSource.m */; };
		E00AC7881D526BAC00AB72CC /* WRWrappaTableView.m in Sources */ = {isa = PBXBuildFile; fileRef = E00AC7841D526BAC00AB72CC /* WRWrappaTableView.m */; };
		E00AC78B1D526C7000AB72CC /* WRWrappaCollectionView.m in Sources */ = {isa = PBXBuildFile; fileRef = E00AC78A1D526C7000AB72CC /* WRWrappaCollectionView.m */; };
		E00AC78E1D526D4000AB72CC /* UICollectionView+Wrappa.m in Sources */ = {isa = PBXBuildFile; fileRef = E00AC78D1D526D4000AB72CC /* UICollectionView+Wrappa.m */; };
		E00AC7911D5279A200AB72CC /* WRRectangleCell.m in Sources */ = {isa = PBXBuildFile; fileRef = E00AC7901D5279A200AB72CC /* WRRectangleCell.m */; };
		E00AC7931D5279BD00AB72CC /* WRRectangleCell.xib in Resources */ = {isa = PBXBuildFile; fileRef = E00AC7921D5279BD00AB72CC /* WRRectangleCell.xib */; };
		E00AC7961D527A8F00AB72CC /* WRRectangleCellSource.m in Sources */ = {isa = PBXBuildFile; fileRef = E00AC7951D527A8F00AB72CC /* WRRectangleCellSource.m */; };
		E04829251B6F9BF700E3A679 /* Storyboard.storyboard in Resources */ = {isa = PBXBuildFile; fileRef = E04829241B6F9BF700E3A679 /* Storyboard.storyboard */; };
		E0E9CE401B6E579600934684 /* WRWrappaTableViewController.m in Sources */ = {isa = PBXBuildFile; fileRef = E0E9CE3F1B6E579600934684 /* WRWrappaTableViewController.m */; };
		E1D5406B933B7233E615C689 /* Foundation.framework in Frameworks */ = {isa = PBXBuildFile; fileRef = 0AA447B849250EF9AB8C1D5B /* Foundation.framework */; };
/* End PBXBuildFile section */

/* Begin PBXFileReference section */
		0AA447B849250EF9AB8C1D5B /* Foundation.framework */ = {isa = PBXFileReference; lastKnownFileType = wrapper.framework; name = Foundation.framework; path = Platforms/iPhoneOS.platform/Developer/SDKs/iPhoneOS7.1.sdk/System/Library/Frameworks/Foundation.framework; sourceTree = DEVELOPER_DIR; };
		3A9A1AFAC989390B1D216798 /* AppDelegate.h */ = {isa = PBXFileReference; includeInIndex = 1; lastKnownFileType = sourcecode.c.h; path = AppDelegate.h; sourceTree = "<group>"; };
		6356392ECEB9D5944A0E1B4C /* main.m */ = {isa = PBXFileReference; includeInIndex = 1; lastKnownFileType = sourcecode.c.objc; path = main.m; sourceTree = "<group>"; };
		6E55923598C88AD7DCAAD4C4 /* Wrappa Example-Prefix.pch */ = {isa = PBXFileReference; includeInIndex = 1; lastKnownFileType = sourcecode.c.h; path = "Wrappa Example-Prefix.pch"; sourceTree = "<group>"; };
		783AADB44FC9A44FC32838D2 /* Wrappa Example.app */ = {isa = PBXFileReference; explicitFileType = wrapper.application; includeInIndex = 0; path = "Wrappa Example.app"; sourceTree = BUILT_PRODUCTS_DIR; };
		7A0E751BC6AF44DC09C52D44 /* Pods-Wrappa Example.debug.xcconfig */ = {isa = PBXFileReference; includeInIndex = 1; lastKnownFileType = text.xcconfig; name = "Pods-Wrappa Example.debug.xcconfig"; path = "Pods/Target Support Files/Pods-Wrappa Example/Pods-Wrappa Example.debug.xcconfig"; sourceTree = "<group>"; };
		C8D6336057FAD9878956473F /* AppDelegate.m */ = {isa = PBXFileReference; includeInIndex = 1; lastKnownFileType = sourcecode.c.objc; path = AppDelegate.m; sourceTree = "<group>"; };
		E007EC3A1D528FD4005AB7D7 /* Launch Screen.storyboard */ = {isa = PBXFileReference; fileEncoding = 4; lastKnownFileType = file.storyboard; path = "Launch Screen.storyboard"; sourceTree = "<group>"; };
		E007EC411D5348CB005AB7D7 /* WRCollectionHeaderView.xib */ = {isa = PBXFileReference; fileEncoding = 4; lastKnownFileType = file.xib; path = WRCollectionHeaderView.xib; sourceTree = "<group>"; };
		E007EC431D534902005AB7D7 /* WRCollectionHeaderView.h */ = {isa = PBXFileReference; fileEncoding = 4; lastKnownFileType = sourcecode.c.h; path = WRCollectionHeaderView.h; sourceTree = "<group>"; };
		E007EC441D534902005AB7D7 /* WRCollectionHeaderView.m */ = {isa = PBXFileReference; fileEncoding = 4; lastKnownFileType = sourcecode.c.objc; path = WRCollectionHeaderView.m; sourceTree = "<group>"; };
		E00AC7531D5254C100AB72CC /* UITableView+Wrappa.h */ = {isa = PBXFileReference; fileEncoding = 4; lastKnownFileType = sourcecode.c.h; path = "UITableView+Wrappa.h"; sourceTree = "<group>"; };
		E00AC7541D5254C100AB72CC /* UITableView+Wrappa.m */ = {isa = PBXFileReference; fileEncoding = 4; lastKnownFileType = sourcecode.c.objc; path = "UITableView+Wrappa.m"; sourceTree = "<group>"; };
		E00AC76E1D5262BF00AB72CC /* WRWrappaCollectionViewController.h */ = {isa = PBXFileReference; fileEncoding = 4; lastKnownFileType = sourcecode.c.h; path = WRWrappaCollectionViewController.h; sourceTree = "<group>"; };
		E00AC76F1D5262BF00AB72CC /* WRWrappaCollectionViewController.m */ = {isa = PBXFileReference; fileEncoding = 4; indentWidth = 4; lastKnownFileType = sourcecode.c.objc; path = WRWrappaCollectionViewController.m; sourceTree = "<group>"; tabWidth = 4; };
		E00AC77E1D526BAC00AB72CC /* WRTextCell.h */ = {isa = PBXFileReference; fileEncoding = 4; lastKnownFileType = sourcecode.c.h; path = WRTextCell.h; sourceTree = "<group>"; };
		E00AC77F1D526BAC00AB72CC /* WRTextCell.m */ = {isa = PBXFileReference; fileEncoding = 4; lastKnownFileType = sourcecode.c.objc; path = WRTextCell.m; sourceTree = "<group>"; };
		E00AC7801D526BAC00AB72CC /* WRTextCell.xib */ = {isa = PBXFileReference; fileEncoding = 4; lastKnownFileType = file.xib; path = WRTextCell.xib; sourceTree = "<group>"; };
		E00AC7811D526BAC00AB72CC /* WRTextCellSource.h */ = {isa = PBXFileReference; fileEncoding = 4; lastKnownFileType = sourcecode.c.h; path = WRTextCellSource.h; sourceTree = "<group>"; };
		E00AC7821D526BAC00AB72CC /* WRTextCellSource.m */ = {isa = PBXFileReference; fileEncoding = 4; lastKnownFileType = sourcecode.c.objc; path = WRTextCellSource.m; sourceTree = "<group>"; };
		E00AC7831D526BAC00AB72CC /* WRWrappaTableView.h */ = {isa = PBXFileReference; fileEncoding = 4; lastKnownFileType = sourcecode.c.h; path = WRWrappaTableView.h; sourceTree = "<group>"; };
		E00AC7841D526BAC00AB72CC /* WRWrappaTableView.m */ = {isa = PBXFileReference; fileEncoding = 4; indentWidth = 4; lastKnownFileType = sourcecode.c.objc; path = WRWrappaTableView.m; sourceTree = "<group>"; tabWidth = 4; };
		E00AC7891D526C7000AB72CC /* WRWrappaCollectionView.h */ = {isa = PBXFileReference; fileEncoding = 4; lastKnownFileType = sourcecode.c.h; path = WRWrappaCollectionView.h; sourceTree = "<group>"; };
		E00AC78A1D526C7000AB72CC /* WRWrappaCollectionView.m */ = {isa = PBXFileReference; fileEncoding = 4; lastKnownFileType = sourcecode.c.objc; path = WRWrappaCollectionView.m; sourceTree = "<group>"; };
		E00AC78C1D526D4000AB72CC /* UICollectionView+Wrappa.h */ = {isa = PBXFileReference; fileEncoding = 4; lastKnownFileType = sourcecode.c.h; path = "UICollectionView+Wrappa.h"; sourceTree = "<group>"; };
		E00AC78D1D526D4000AB72CC /* UICollectionView+Wrappa.m */ = {isa = PBXFileReference; fileEncoding = 4; lastKnownFileType = sourcecode.c.objc; path = "UICollectionView+Wrappa.m"; sourceTree = "<group>"; };
		E00AC78F1D5279A200AB72CC /* WRRectangleCell.h */ = {isa = PBXFileReference; fileEncoding = 4; lastKnownFileType = sourcecode.c.h; path = WRRectangleCell.h; sourceTree = "<group>"; };
		E00AC7901D5279A200AB72CC /* WRRectangleCell.m */ = {isa = PBXFileReference; fileEncoding = 4; lastKnownFileType = sourcecode.c.objc; path = WRRectangleCell.m; sourceTree = "<group>"; };
		E00AC7921D5279BD00AB72CC /* WRRectangleCell.xib */ = {isa = PBXFileReference; fileEncoding = 4; lastKnownFileType = file.xib; path = WRRectangleCell.xib; sourceTree = "<group>"; };
		E00AC7941D527A8F00AB72CC /* WRRectangleCellSource.h */ = {isa = PBXFileReference; fileEncoding = 4; lastKnownFileType = sourcecode.c.h; path = WRRectangleCellSource.h; sourceTree = "<group>"; };
		E00AC7951D527A8F00AB72CC /* WRRectangleCellSource.m */ = {isa = PBXFileReference; fileEncoding = 4; lastKnownFileType = sourcecode.c.objc; path = WRRectangleCellSource.m; sourceTree = "<group>"; };
		E04829241B6F9BF700E3A679 /* Storyboard.storyboard */ = {isa = PBXFileReference; fileEncoding = 4; lastKnownFileType = file.storyboard; path = Storyboard.storyboard; sourceTree = "<group>"; };
		E0E9CE3E1B6E579600934684 /* WRWrappaTableViewController.h */ = {isa = PBXFileReference; fileEncoding = 4; lastKnownFileType = sourcecode.c.h; path = WRWrappaTableViewController.h; sourceTree = "<group>"; };
		E0E9CE3F1B6E579600934684 /* WRWrappaTableViewController.m */ = {isa = PBXFileReference; fileEncoding = 4; lastKnownFileType = sourcecode.c.objc; path = WRWrappaTableViewController.m; sourceTree = "<group>"; };
		E63C94B4ED92D29213B22BA0 /* Pods-Wrappa Example.release.xcconfig */ = {isa = PBXFileReference; includeInIndex = 1; lastKnownFileType = text.xcconfig; name = "Pods-Wrappa Example.release.xcconfig"; path = "Pods/Target Support Files/Pods-Wrappa Example/Pods-Wrappa Example.release.xcconfig"; sourceTree = "<group>"; };
		E7F2ADA9BAF9C9CBCF8D8740 /* Images.xcassets */ = {isa = PBXFileReference; includeInIndex = 1; lastKnownFileType = folder.assetcatalog; path = Images.xcassets; sourceTree = "<group>"; };
		FF07559CC397BACF8EABC706 /* Wrappa Example-Info.plist */ = {isa = PBXFileReference; includeInIndex = 1; lastKnownFileType = text.plist.xml; path = "Wrappa Example-Info.plist"; sourceTree = "<group>"; };
		FF3CD8642E418A770E872333 /* libPods-Wrappa Example.a */ = {isa = PBXFileReference; explicitFileType = archive.ar; includeInIndex = 0; path = "libPods-Wrappa Example.a"; sourceTree = BUILT_PRODUCTS_DIR; };
/* End PBXFileReference section */

/* Begin PBXFrameworksBuildPhase section */
		E93B62A4A67269D49E67A204 /* Frameworks */ = {
			isa = PBXFrameworksBuildPhase;
			buildActionMask = 2147483647;
			files = (
				E1D5406B933B7233E615C689 /* Foundation.framework in Frameworks */,
				96E965CE08B21B4B257CD9C5 /* libPods-Wrappa Example.a in Frameworks */,
			);
			runOnlyForDeploymentPostprocessing = 0;
		};
/* End PBXFrameworksBuildPhase section */

/* Begin PBXGroup section */
		105EE0251527D372798B53B0 /* Storyboards */ = {
			isa = PBXGroup;
			children = (
				E04829241B6F9BF700E3A679 /* Storyboard.storyboard */,
				E007EC3A1D528FD4005AB7D7 /* Launch Screen.storyboard */,
			);
			path = Storyboards;
			sourceTree = "<group>";
		};
		161C7DBFE0329DE187D60019 = {
			isa = PBXGroup;
			children = (
				473C83743C9A186C886B6E95 /* Wrappa Example */,
				A930A685A52ED2C69418F596 /* Frameworks */,
				D0C8C873D82185BDB6AA240C /* Products */,
				BEA10865E7741573B2B27692 /* Pods */,
			);
			indentWidth = 4;
			sourceTree = "<group>";
			tabWidth = 4;
			usesTabs = 0;
		};
		1C0B811DA7198C930326B876 /* Delegates */ = {
			isa = PBXGroup;
			children = (
				3A9A1AFAC989390B1D216798 /* AppDelegate.h */,
				C8D6336057FAD9878956473F /* AppDelegate.m */,
			);
			path = Delegates;
			sourceTree = "<group>";
		};
		240CC61D60CBAF072FA4AD0F /* Images */ = {
			isa = PBXGroup;
			children = (
				E7F2ADA9BAF9C9CBCF8D8740 /* Images.xcassets */,
			);
			path = Images;
			sourceTree = "<group>";
		};
		24B3C83308CF2A6B05099983 /* iOS */ = {
			isa = PBXGroup;
			children = (
				0AA447B849250EF9AB8C1D5B /* Foundation.framework */,
			);
			name = iOS;
			sourceTree = "<group>";
		};
		473C83743C9A186C886B6E95 /* Wrappa Example */ = {
			isa = PBXGroup;
			children = (
				BF19C8B5C96D0BDBB5BFC922 /* Code */,
				B727DA6FD359D6237AE84176 /* Resources */,
				EFD64E2F44AB9E0E530AB2B9 /* Supporting Files */,
			);
			path = "Wrappa Example";
			sourceTree = "<group>";
		};
		78E54A5C6BE0AF1D89D20D16 /* Views */ = {
			isa = PBXGroup;
			children = (
				E00AC77C1D526BAC00AB72CC /* Collection */,
				E00AC77D1D526BAC00AB72CC /* Table */,
			);
			path = Views;
			sourceTree = "<group>";
		};
		88F613FB3AA4E880F9259ACF /* ViewControllers */ = {
			isa = PBXGroup;
			children = (
				E0E9CE3E1B6E579600934684 /* WRWrappaTableViewController.h */,
				E0E9CE3F1B6E579600934684 /* WRWrappaTableViewController.m */,
				E00AC76E1D5262BF00AB72CC /* WRWrappaCollectionViewController.h */,
				E00AC76F1D5262BF00AB72CC /* WRWrappaCollectionViewController.m */,
			);
			path = ViewControllers;
			sourceTree = "<group>";
		};
		A930A685A52ED2C69418F596 /* Frameworks */ = {
			isa = PBXGroup;
			children = (
				24B3C83308CF2A6B05099983 /* iOS */,
				FF3CD8642E418A770E872333 /* libPods-Wrappa Example.a */,
			);
			name = Frameworks;
			sourceTree = "<group>";
		};
		B727DA6FD359D6237AE84176 /* Resources */ = {
			isa = PBXGroup;
			children = (
				240CC61D60CBAF072FA4AD0F /* Images */,
				105EE0251527D372798B53B0 /* Storyboards */,
				F7D31E8BE18A9DA97316BA49 /* Other */,
			);
			path = Resources;
			sourceTree = "<group>";
		};
		BEA10865E7741573B2B27692 /* Pods */ = {
			isa = PBXGroup;
			children = (
				E63C94B4ED92D29213B22BA0 /* Pods-Wrappa Example.release.xcconfig */,
				7A0E751BC6AF44DC09C52D44 /* Pods-Wrappa Example.debug.xcconfig */,
			);
			name = Pods;
			sourceTree = "<group>";
		};
		BF19C8B5C96D0BDBB5BFC922 /* Code */ = {
			isa = PBXGroup;
			children = (
				E00AC7521D5254A200AB72CC /* Categories */,
				1C0B811DA7198C930326B876 /* Delegates */,
				88F613FB3AA4E880F9259ACF /* ViewControllers */,
				78E54A5C6BE0AF1D89D20D16 /* Views */,
			);
			path = Code;
			sourceTree = "<group>";
		};
		D0C8C873D82185BDB6AA240C /* Products */ = {
			isa = PBXGroup;
			children = (
				783AADB44FC9A44FC32838D2 /* Wrappa Example.app */,
			);
			name = Products;
			sourceTree = "<group>";
		};
		E00AC7521D5254A200AB72CC /* Categories */ = {
			isa = PBXGroup;
			children = (
				E00AC78C1D526D4000AB72CC /* UICollectionView+Wrappa.h */,
				E00AC78D1D526D4000AB72CC /* UICollectionView+Wrappa.m */,
				E00AC7531D5254C100AB72CC /* UITableView+Wrappa.h */,
				E00AC7541D5254C100AB72CC /* UITableView+Wrappa.m */,
			);
			path = Categories;
			sourceTree = "<group>";
		};
		E00AC77C1D526BAC00AB72CC /* Collection */ = {
			isa = PBXGroup;
			children = (
				E00AC78F1D5279A200AB72CC /* WRRectangleCell.h */,
				E00AC7901D5279A200AB72CC /* WRRectangleCell.m */,
				E00AC7921D5279BD00AB72CC /* WRRectangleCell.xib */,
				E00AC7941D527A8F00AB72CC /* WRRectangleCellSource.h */,
				E00AC7951D527A8F00AB72CC /* WRRectangleCellSource.m */,
				E00AC7891D526C7000AB72CC /* WRWrappaCollectionView.h */,
				E00AC78A1D526C7000AB72CC /* WRWrappaCollectionView.m */,
				E007EC431D534902005AB7D7 /* WRCollectionHeaderView.h */,
				E007EC441D534902005AB7D7 /* WRCollectionHeaderView.m */,
				E007EC411D5348CB005AB7D7 /* WRCollectionHeaderView.xib */,
			);
			path = Collection;
			sourceTree = "<group>";
		};
		E00AC77D1D526BAC00AB72CC /* Table */ = {
			isa = PBXGroup;
			children = (
				E00AC77E1D526BAC00AB72CC /* WRTextCell.h */,
				E00AC77F1D526BAC00AB72CC /* WRTextCell.m */,
				E00AC7801D526BAC00AB72CC /* WRTextCell.xib */,
				E00AC7811D526BAC00AB72CC /* WRTextCellSource.h */,
				E00AC7821D526BAC00AB72CC /* WRTextCellSource.m */,
				E00AC7831D526BAC00AB72CC /* WRWrappaTableView.h */,
				E00AC7841D526BAC00AB72CC /* WRWrappaTableView.m */,
			);
			path = Table;
			sourceTree = "<group>";
		};
		EFD64E2F44AB9E0E530AB2B9 /* Supporting Files */ = {
			isa = PBXGroup;
			children = (
				FF07559CC397BACF8EABC706 /* Wrappa Example-Info.plist */,
				6E55923598C88AD7DCAAD4C4 /* Wrappa Example-Prefix.pch */,
			);
			path = "Supporting Files";
			sourceTree = "<group>";
		};
		F7D31E8BE18A9DA97316BA49 /* Other */ = {
			isa = PBXGroup;
			children = (
				6356392ECEB9D5944A0E1B4C /* main.m */,
			);
			path = Other;
			sourceTree = "<group>";
		};
/* End PBXGroup section */

/* Begin PBXNativeTarget section */
		A41929C7B4A3B343F1CAAF4F /* Wrappa Example */ = {
			isa = PBXNativeTarget;
			buildConfigurationList = B0F173103AEBFAE1BFDB13AA /* Build configuration list for PBXNativeTarget "Wrappa Example" */;
			buildPhases = (
				E4150CAC13A2C4DA553AFEE3 /* [CP] Check Pods Manifest.lock */,
				5CA211FAC4A3C259C2D38D2E /* Sources */,
				E93B62A4A67269D49E67A204 /* Frameworks */,
				A4A3DC7B1353EAFBFFD28F82 /* Resources */,
				D0986AD8DC31B88D61508B72 /* Warn for TODO and FIXME comments */,
				3D5F5DDC2B4C4628E823C025 /* [CP] Embed Pods Frameworks */,
				0A5B7563D248B5028C6369BA /* [CP] Copy Pods Resources */,
			);
			buildRules = (
			);
			dependencies = (
			);
			name = "Wrappa Example";
			productName = "Wrappa Example";
			productReference = 783AADB44FC9A44FC32838D2 /* Wrappa Example.app */;
			productType = "com.apple.product-type.application";
		};
/* End PBXNativeTarget section */

/* Begin PBXProject section */
		F727F25EDE9ED6EE19AB42BC /* Project object */ = {
			isa = PBXProject;
			attributes = {
				CLASSPREFIX = "";
				LastUpgradeCheck = 0720;
				ORGANIZATIONNAME = zakhej.com;
				TargetAttributes = {
					A41929C7B4A3B343F1CAAF4F = {
						DevelopmentTeam = 5XKPBQ9WWB;
					};
				};
			};
			buildConfigurationList = 423A4EBE41578256CDE9AF23 /* Build configuration list for PBXProject "Wrappa Example" */;
			compatibilityVersion = "Xcode 3.2";
			developmentRegion = English;
			hasScannedForEncodings = 0;
			knownRegions = (
				en,
			);
			mainGroup = 161C7DBFE0329DE187D60019;
			productRefGroup = D0C8C873D82185BDB6AA240C /* Products */;
			projectDirPath = "";
			projectRoot = "";
			targets = (
				A41929C7B4A3B343F1CAAF4F /* Wrappa Example */,
			);
		};
/* End PBXProject section */

/* Begin PBXResourcesBuildPhase section */
		A4A3DC7B1353EAFBFFD28F82 /* Resources */ = {
			isa = PBXResourcesBuildPhase;
			buildActionMask = 2147483647;
			files = (
				E007EC421D5348CB005AB7D7 /* WRCollectionHeaderView.xib in Resources */,
				E00AC7861D526BAC00AB72CC /* WRTextCell.xib in Resources */,
				1475A23092E706510ADFD3A1 /* Images.xcassets in Resources */,
				E00AC7931D5279BD00AB72CC /* WRRectangleCell.xib in Resources */,
				E007EC3B1D528FD4005AB7D7 /* Launch Screen.storyboard in Resources */,
				E04829251B6F9BF700E3A679 /* Storyboard.storyboard in Resources */,
			);
			runOnlyForDeploymentPostprocessing = 0;
		};
/* End PBXResourcesBuildPhase section */

/* Begin PBXShellScriptBuildPhase section */
		0A5B7563D248B5028C6369BA /* [CP] Copy Pods Resources */ = {
			isa = PBXShellScriptBuildPhase;
			buildActionMask = 2147483647;
			files = (
			);
			inputPaths = (
			);
			name = "[CP] Copy Pods Resources";
			outputPaths = (
			);
			runOnlyForDeploymentPostprocessing = 0;
			shellPath = /bin/sh;
			shellScript = "\"${SRCROOT}/Pods/Target Support Files/Pods-Wrappa Example/Pods-Wrappa Example-resources.sh\"\n";
			showEnvVarsInLog = 0;
		};
		3D5F5DDC2B4C4628E823C025 /* [CP] Embed Pods Frameworks */ = {
			isa = PBXShellScriptBuildPhase;
			buildActionMask = 2147483647;
			files = (
			);
			inputPaths = (
			);
			name = "[CP] Embed Pods Frameworks";
			outputPaths = (
			);
			runOnlyForDeploymentPostprocessing = 0;
			shellPath = /bin/sh;
			shellScript = "\"${SRCROOT}/Pods/Target Support Files/Pods-Wrappa Example/Pods-Wrappa Example-frameworks.sh\"\n";
			showEnvVarsInLog = 0;
		};
		D0986AD8DC31B88D61508B72 /* Warn for TODO and FIXME comments */ = {
			isa = PBXShellScriptBuildPhase;
			buildActionMask = 2147483647;
			files = (
			);
			inputPaths = (
			);
			name = "Warn for TODO and FIXME comments";
			outputPaths = (
			);
			runOnlyForDeploymentPostprocessing = 0;
			shellPath = /bin/sh;
			shellScript = "KEYWORDS=\"TODO:|FIXME:|\\?\\?\\?:|\\!\\!\\!:\"\nFILE_EXTENSIONS=\"swift|h|m|mm|c|cpp\"\nfind -E \"${SRCROOT}\" -ipath \"${SRCROOT}/Carthage\" -o -ipath \"${SRCROOT}/pods\" -prune -o \\( -regex \".*\\.($FILE_EXTENSIONS)$\" \\) -print0 | xargs -0 egrep --with-filename --line-number --only-matching \"($KEYWORDS).*\\$\" | perl -p -e \"s/($KEYWORDS)/ warning: \\$1/\"\n";
		};
		E4150CAC13A2C4DA553AFEE3 /* [CP] Check Pods Manifest.lock */ = {
			isa = PBXShellScriptBuildPhase;
			buildActionMask = 2147483647;
			files = (
			);
			inputPaths = (
			);
			name = "[CP] Check Pods Manifest.lock";
			outputPaths = (
			);
			runOnlyForDeploymentPostprocessing = 0;
			shellPath = /bin/sh;
			shellScript = "diff \"${PODS_ROOT}/../Podfile.lock\" \"${PODS_ROOT}/Manifest.lock\" > /dev/null\nif [[ $? != 0 ]] ; then\n    cat << EOM\nerror: The sandbox is not in sync with the Podfile.lock. Run 'pod install' or update your CocoaPods installation.\nEOM\n    exit 1\nfi\n";
			showEnvVarsInLog = 0;
		};
/* End PBXShellScriptBuildPhase section */

/* Begin PBXSourcesBuildPhase section */
		5CA211FAC4A3C259C2D38D2E /* Sources */ = {
			isa = PBXSourcesBuildPhase;
			buildActionMask = 2147483647;
			files = (
				E00AC7871D526BAC00AB72CC /* WRTextCellSource.m in Sources */,
				E00AC7961D527A8F00AB72CC /* WRRectangleCellSource.m in Sources */,
				846DCAB447EDDFB02E10948C /* AppDelegate.m in Sources */,
				E007EC451D534902005AB7D7 /* WRCollectionHeaderView.m in Sources */,
				E00AC7701D5262BF00AB72CC /* WRWrappaCollectionViewController.m in Sources */,
				E00AC78E1D526D4000AB72CC /* UICollectionView+Wrappa.m in Sources */,
				2EAF7BF2232056B8C82CEA79 /* main.m in Sources */,
				E0E9CE401B6E579600934684 /* WRWrappaTableViewController.m in Sources */,
				E00AC78B1D526C7000AB72CC /* WRWrappaCollectionView.m in Sources */,
				E00AC7881D526BAC00AB72CC /* WRWrappaTableView.m in Sources */,
				E00AC7551D5254C100AB72CC /* UITableView+Wrappa.m in Sources */,
				E00AC7851D526BAC00AB72CC /* WRTextCell.m in Sources */,
				E00AC7911D5279A200AB72CC /* WRRectangleCell.m in Sources */,
			);
			runOnlyForDeploymentPostprocessing = 0;
		};
/* End PBXSourcesBuildPhase section */

/* Begin XCBuildConfiguration section */
		00B74B4F8C362EDC2ACB34FB /* Release */ = {
			isa = XCBuildConfiguration;
			baseConfigurationReference = E63C94B4ED92D29213B22BA0 /* Pods-Wrappa Example.release.xcconfig */;
			buildSettings = {
				ALWAYS_SEARCH_USER_PATHS = NO;
				ASSETCATALOG_COMPILER_LAUNCHIMAGE_NAME = LaunchImage;
				CODE_SIGN_IDENTITY = "iPhone Developer";
				"CODE_SIGN_IDENTITY[sdk=iphoneos*]" = "iPhone Developer";
				COPY_PHASE_STRIP = YES;
				DSTROOT = /tmp/xcodeproj.dst;
				GCC_PRECOMPILE_PREFIX_HEADER = YES;
				GCC_PREFIX_HEADER = "Wrappa Example/Supporting Files/Wrappa Example-Prefix.pch";
				GCC_TREAT_WARNINGS_AS_ERRORS = NO;
				INFOPLIST_FILE = "Wrappa Example/Supporting Files/Wrappa Example-Info.plist";
				INSTALL_PATH = "$(BUILT_PRODUCTS_DIR)";
				LD_RUNPATH_SEARCH_PATHS = "$(inherited) @executable_path/Frameworks";
				OTHER_CFLAGS = (
					"-DNS_BLOCK_ASSERTIONS=1",
					"$(inherited)",
				);
				OTHER_CPLUSPLUSFLAGS = (
					"-DNS_BLOCK_ASSERTIONS=1",
					"$(inherited)",
				);
				PRODUCT_BUNDLE_IDENTIFIER = "com.zakhejcom.${PRODUCT_NAME:rfc1034identifier}";
				PRODUCT_NAME = "$(TARGET_NAME)";
				PROVISIONING_PROFILE = "";
				PUBLIC_HEADERS_FOLDER_PATH = "$(TARGET_NAME)";
				SDKROOT = iphoneos;
				VALIDATE_PRODUCT = YES;
			};
			name = Release;
		};
		A7D7A52DEE1313464791C8D5 /* Debug */ = {
			isa = XCBuildConfiguration;
			buildSettings = {
				ALWAYS_SEARCH_USER_PATHS = NO;
				ASSETCATALOG_COMPILER_APPICON_NAME = AppIcon;
				CLANG_CXX_LANGUAGE_STANDARD = "gnu++0x";
				CLANG_CXX_LIBRARY = "libc++";
				CLANG_ENABLE_MODULES = YES;
				CLANG_ENABLE_OBJC_ARC = YES;
				CLANG_WARN_BOOL_CONVERSION = YES;
				CLANG_WARN_CONSTANT_CONVERSION = YES;
				CLANG_WARN_DEPRECATED_OBJC_IMPLEMENTATIONS = YES;
				CLANG_WARN_DIRECT_OBJC_ISA_USAGE = YES;
				CLANG_WARN_EMPTY_BODY = YES;
				CLANG_WARN_ENUM_CONVERSION = YES;
				CLANG_WARN_IMPLICIT_SIGN_CONVERSION = YES;
				CLANG_WARN_INT_CONVERSION = YES;
				CLANG_WARN_OBJC_IMPLICIT_RETAIN_SELF = YES;
				CLANG_WARN_OBJC_ROOT_CLASS = YES;
				CLANG_WARN_SUSPICIOUS_IMPLICIT_CONVERSION = YES;
				"CODE_SIGN_IDENTITY[sdk=iphoneos*]" = "iPhone Developer";
				COPY_PHASE_STRIP = YES;
				ENABLE_TESTABILITY = YES;
				GCC_C_LANGUAGE_STANDARD = gnu99;
				GCC_DYNAMIC_NO_PIC = NO;
				GCC_OPTIMIZATION_LEVEL = 0;
				GCC_PREPROCESSOR_DEFINITIONS = (
					"DEBUG=1",
					"$(inherited)",
				);
				GCC_SYMBOLS_PRIVATE_EXTERN = NO;
				GCC_WARN_64_TO_32_BIT_CONVERSION = YES;
				GCC_WARN_ABOUT_DEPRECATED_FUNCTIONS = YES;
				GCC_WARN_ABOUT_MISSING_FIELD_INITIALIZERS = YES;
				GCC_WARN_ABOUT_MISSING_NEWLINE = YES;
				GCC_WARN_ABOUT_RETURN_TYPE = YES;
				GCC_WARN_CHECK_SWITCH_STATEMENTS = YES;
				GCC_WARN_INITIALIZER_NOT_FULLY_BRACKETED = YES;
				GCC_WARN_MISSING_PARENTHESES = YES;
				GCC_WARN_SHADOW = YES;
				GCC_WARN_SIGN_COMPARE = YES;
				GCC_WARN_TYPECHECK_CALLS_TO_PRINTF = YES;
				GCC_WARN_UNDECLARED_SELECTOR = YES;
				GCC_WARN_UNINITIALIZED_AUTOS = YES;
				GCC_WARN_UNUSED_FUNCTION = YES;
				GCC_WARN_UNUSED_LABEL = YES;
				GCC_WARN_UNUSED_VALUE = YES;
				GCC_WARN_UNUSED_VARIABLE = YES;
				IPHONEOS_DEPLOYMENT_TARGET = 8.0;
				ONLY_ACTIVE_ARCH = YES;
				RUN_CLANG_STATIC_ANALYZER = YES;
				SDKROOT = iphoneos;
			};
			name = Debug;
		};
		B96ECA938AC8709376E1F4C9 /* Debug */ = {
			isa = XCBuildConfiguration;
			baseConfigurationReference = 7A0E751BC6AF44DC09C52D44 /* Pods-Wrappa Example.debug.xcconfig */;
			buildSettings = {
				ALWAYS_SEARCH_USER_PATHS = NO;
				ASSETCATALOG_COMPILER_LAUNCHIMAGE_NAME = LaunchImage;
				CODE_SIGN_IDENTITY = "iPhone Developer";
				"CODE_SIGN_IDENTITY[sdk=iphoneos*]" = "iPhone Developer";
				COPY_PHASE_STRIP = NO;
				DSTROOT = /tmp/xcodeproj.dst;
				GCC_DYNAMIC_NO_PIC = NO;
				GCC_OPTIMIZATION_LEVEL = 0;
				GCC_PRECOMPILE_PREFIX_HEADER = YES;
				GCC_PREFIX_HEADER = "Wrappa Example/Supporting Files/Wrappa Example-Prefix.pch";
				GCC_PREPROCESSOR_DEFINITIONS = (
					"DEBUG=1",
					"$(inherited)",
				);
				GCC_SYMBOLS_PRIVATE_EXTERN = NO;
				INFOPLIST_FILE = "Wrappa Example/Supporting Files/Wrappa Example-Info.plist";
				INSTALL_PATH = "$(BUILT_PRODUCTS_DIR)";
				LD_RUNPATH_SEARCH_PATHS = "$(inherited) @executable_path/Frameworks";
				PRODUCT_BUNDLE_IDENTIFIER = "com.zakhejcom.${PRODUCT_NAME:rfc1034identifier}";
				PRODUCT_NAME = "$(TARGET_NAME)";
				PROVISIONING_PROFILE = "";
				PUBLIC_HEADERS_FOLDER_PATH = "$(TARGET_NAME)";
				SDKROOT = iphoneos;
			};
			name = Debug;
		};
		F37E1BCFF5E1384C7F1464F2 /* Release */ = {
			isa = XCBuildConfiguration;
			buildSettings = {
				ALWAYS_SEARCH_USER_PATHS = NO;
				ASSETCATALOG_COMPILER_APPICON_NAME = AppIcon;
				CLANG_CXX_LANGUAGE_STANDARD = "gnu++0x";
				CLANG_CXX_LIBRARY = "libc++";
				CLANG_ENABLE_MODULES = YES;
				CLANG_ENABLE_OBJC_ARC = YES;
				CLANG_WARN_BOOL_CONVERSION = YES;
				CLANG_WARN_CONSTANT_CONVERSION = YES;
				CLANG_WARN_DEPRECATED_OBJC_IMPLEMENTATIONS = YES;
				CLANG_WARN_DIRECT_OBJC_ISA_USAGE = YES;
				CLANG_WARN_EMPTY_BODY = YES;
				CLANG_WARN_ENUM_CONVERSION = YES;
				CLANG_WARN_IMPLICIT_SIGN_CONVERSION = YES;
				CLANG_WARN_INT_CONVERSION = YES;
				CLANG_WARN_OBJC_IMPLICIT_RETAIN_SELF = YES;
				CLANG_WARN_OBJC_ROOT_CLASS = YES;
				CLANG_WARN_SUSPICIOUS_IMPLICIT_CONVERSION = YES;
				"CODE_SIGN_IDENTITY[sdk=iphoneos*]" = "iPhone Developer";
				COPY_PHASE_STRIP = NO;
				ENABLE_NS_ASSERTIONS = NO;
				GCC_C_LANGUAGE_STANDARD = gnu99;
				GCC_WARN_64_TO_32_BIT_CONVERSION = YES;
				GCC_WARN_ABOUT_DEPRECATED_FUNCTIONS = YES;
				GCC_WARN_ABOUT_MISSING_FIELD_INITIALIZERS = YES;
				GCC_WARN_ABOUT_MISSING_NEWLINE = YES;
				GCC_WARN_ABOUT_RETURN_TYPE = YES;
				GCC_WARN_CHECK_SWITCH_STATEMENTS = YES;
				GCC_WARN_INITIALIZER_NOT_FULLY_BRACKETED = YES;
				GCC_WARN_MISSING_PARENTHESES = YES;
				GCC_WARN_SHADOW = YES;
				GCC_WARN_SIGN_COMPARE = YES;
				GCC_WARN_TYPECHECK_CALLS_TO_PRINTF = YES;
				GCC_WARN_UNDECLARED_SELECTOR = YES;
				GCC_WARN_UNINITIALIZED_AUTOS = YES;
				GCC_WARN_UNUSED_FUNCTION = YES;
				GCC_WARN_UNUSED_LABEL = YES;
				GCC_WARN_UNUSED_VALUE = YES;
				GCC_WARN_UNUSED_VARIABLE = YES;
				IPHONEOS_DEPLOYMENT_TARGET = 8.0;
				RUN_CLANG_STATIC_ANALYZER = YES;
				SDKROOT = iphoneos;
				VALIDATE_PRODUCT = YES;
			};
			name = Release;
		};
/* End XCBuildConfiguration section */

/* Begin XCConfigurationList section */
		423A4EBE41578256CDE9AF23 /* Build configuration list for PBXProject "Wrappa Example" */ = {
			isa = XCConfigurationList;
			buildConfigurations = (
				A7D7A52DEE1313464791C8D5 /* Debug */,
				F37E1BCFF5E1384C7F1464F2 /* Release */,
			);
			defaultConfigurationIsVisible = 0;
			defaultConfigurationName = Release;
		};
		B0F173103AEBFAE1BFDB13AA /* Build configuration list for PBXNativeTarget "Wrappa Example" */ = {
			isa = XCConfigurationList;
			buildConfigurations = (
				00B74B4F8C362EDC2ACB34FB /* Release */,
				B96ECA938AC8709376E1F4C9 /* Debug */,
			);
			defaultConfigurationIsVisible = 0;
			defaultConfigurationName = Release;
		};
/* End XCConfigurationList section */
	};
	rootObject = F727F25EDE9ED6EE19AB42BC /* Project object */;
}
