// !$*UTF8*$!
{
	archiveVersion = 1;
	classes = {
	};
	objectVersion = 46;
	objects = {

/* Begin PBXFileReference section */
		1C8BB19237485B8A53EA876B /* libPods.a */ = {isa = PBXFileReference; explicitFileType = archive.ar; includeInIndex = 0; path = libPods.a; sourceTree = BUILT_PRODUCTS_DIR; };
		7612D62552BA5A18F48C9DB3 /* Pods.release.xcconfig */ = {isa = PBXFileReference; includeInIndex = 1; lastKnownFileType = text.xcconfig; name = Pods.release.xcconfig; path = "Pods/Target Support Files/Pods/Pods.release.xcconfig"; sourceTree = "<group>"; };
		7E38A0727884A993E6DC489C /* Foundation.framework */ = {isa = PBXFileReference; lastKnownFileType = wrapper.framework; name = Foundation.framework; path = Platforms/iPhoneOS.platform/Developer/SDKs/iPhoneOS7.1.sdk/System/Library/Frameworks/Foundation.framework; sourceTree = DEVELOPER_DIR; };
		C250F919E814157F95FDE412 /* UnitTests.xctest */ = {isa = PBXFileReference; explicitFileType = wrapper.cfbundle; includeInIndex = 0; path = UnitTests.xctest; sourceTree = BUILT_PRODUCTS_DIR; };
		D06F00B73012C3BA3DF395B6 /* Pods.debug.xcconfig */ = {isa = PBXFileReference; includeInIndex = 1; lastKnownFileType = text.xcconfig; name = Pods.debug.xcconfig; path = "Pods/Target Support Files/Pods/Pods.debug.xcconfig"; sourceTree = "<group>"; };
		E048294F1B70C7C900E3A679 /* Wrappa Tests-Prefix.pch */ = {isa = PBXFileReference; fileEncoding = 4; lastKnownFileType = sourcecode.c.h; path = "Wrappa Tests-Prefix.pch"; sourceTree = "<group>"; };
/* End PBXFileReference section */

/* Begin PBXFrameworksBuildPhase section */
		2D6AD54F5149F0677B770BF4 /* Frameworks */ = {
			isa = PBXFrameworksBuildPhase;
			buildActionMask = 2147483647;
			files = (
			);
			runOnlyForDeploymentPostprocessing = 0;
		};
/* End PBXFrameworksBuildPhase section */

/* Begin PBXGroup section */
		7A509ACD082372F9865E506E /* Frameworks */ = {
			isa = PBXGroup;
			children = (
				D9FBCDE0178155F6628D0836 /* iOS */,
				1C8BB19237485B8A53EA876B /* libPods.a */,
			);
			name = Frameworks;
			sourceTree = "<group>";
		};
		C1927A714911CE5871409914 /* Products */ = {
			isa = PBXGroup;
			children = (
				C250F919E814157F95FDE412 /* UnitTests.xctest */,
			);
			name = Products;
			sourceTree = "<group>";
		};
		D0250978A28E20250DE5B6F8 = {
			isa = PBXGroup;
			children = (
				E04829491B70C7C900E3A679 /* Wrappa Tests */,
				7A509ACD082372F9865E506E /* Frameworks */,
				C1927A714911CE5871409914 /* Products */,
				E29088360131FC0B63FC83B4 /* Pods */,
			);
			sourceTree = "<group>";
		};
		D9FBCDE0178155F6628D0836 /* iOS */ = {
			isa = PBXGroup;
			children = (
				7E38A0727884A993E6DC489C /* Foundation.framework */,
			);
			name = iOS;
			sourceTree = "<group>";
		};
		E04829491B70C7C900E3A679 /* Wrappa Tests */ = {
			isa = PBXGroup;
			children = (
				E048294A1B70C7C900E3A679 /* Code */,
				E048294D1B70C7C900E3A679 /* Resources */,
				E048294E1B70C7C900E3A679 /* Supporting Files */,
			);
			path = "Wrappa Tests";
			sourceTree = "<group>";
		};
		E048294A1B70C7C900E3A679 /* Code */ = {
			isa = PBXGroup;
			children = (
				E048294B1B70C7C900E3A679 /* Helpers */,
				E048294C1B70C7C900E3A679 /* Tests */,
			);
			path = Code;
			sourceTree = "<group>";
		};
		E048294B1B70C7C900E3A679 /* Helpers */ = {
			isa = PBXGroup;
			children = (
			);
			path = Helpers;
			sourceTree = "<group>";
		};
		E048294C1B70C7C900E3A679 /* Tests */ = {
			isa = PBXGroup;
			children = (
				E04829501B70C81300E3A679 /* UITableView */,
			);
			path = Tests;
			sourceTree = "<group>";
		};
		E048294D1B70C7C900E3A679 /* Resources */ = {
			isa = PBXGroup;
			children = (
			);
			path = Resources;
			sourceTree = "<group>";
		};
		E048294E1B70C7C900E3A679 /* Supporting Files */ = {
			isa = PBXGroup;
			children = (
				E048294F1B70C7C900E3A679 /* Wrappa Tests-Prefix.pch */,
			);
			path = "Supporting Files";
			sourceTree = "<group>";
		};
		E04829501B70C81300E3A679 /* UITableView */ = {
			isa = PBXGroup;
			children = (
			);
			path = UITableView;
			sourceTree = "<group>";
		};
		E29088360131FC0B63FC83B4 /* Pods */ = {
			isa = PBXGroup;
			children = (
				7612D62552BA5A18F48C9DB3 /* Pods.release.xcconfig */,
				D06F00B73012C3BA3DF395B6 /* Pods.debug.xcconfig */,
			);
			name = Pods;
			sourceTree = "<group>";
		};
/* End PBXGroup section */

/* Begin PBXNativeTarget section */
		10716217A915E7D88015CD88 /* UnitTests */ = {
			isa = PBXNativeTarget;
			buildConfigurationList = 3575A4E2CDDA56B61D282C11 /* Build configuration list for PBXNativeTarget "UnitTests" */;
			buildPhases = (
				58EB395894FDB5A0F5DEB4FA /* Sources */,
				2D6AD54F5149F0677B770BF4 /* Frameworks */,
				CF6FF7BE358F5344DB74597A /* Resources */,
			);
			buildRules = (
			);
			dependencies = (
			);
			name = UnitTests;
			productName = UnitTests;
			productReference = C250F919E814157F95FDE412 /* UnitTests.xctest */;
			productType = "com.apple.product-type.bundle.unit-test";
		};
/* End PBXNativeTarget section */

/* Begin PBXProject section */
		E8A6B31FABFB0F6D63A9DC52 /* Project object */ = {
			isa = PBXProject;
			attributes = {
				CLASSPREFIX = "";
				LastUpgradeCheck = 0510;
				ORGANIZATIONNAME = zakhej.com;
			};
			buildConfigurationList = 7945D10614F7BD06A03F2871 /* Build configuration list for PBXProject "Wrappa Tests" */;
			compatibilityVersion = "Xcode 3.2";
			developmentRegion = English;
			hasScannedForEncodings = 0;
			knownRegions = (
				en,
			);
			mainGroup = D0250978A28E20250DE5B6F8;
			productRefGroup = C1927A714911CE5871409914 /* Products */;
			projectDirPath = "";
			projectRoot = "";
			targets = (
				10716217A915E7D88015CD88 /* UnitTests */,
			);
		};
/* End PBXProject section */

/* Begin PBXResourcesBuildPhase section */
		CF6FF7BE358F5344DB74597A /* Resources */ = {
			isa = PBXResourcesBuildPhase;
			buildActionMask = 2147483647;
			files = (
			);
			runOnlyForDeploymentPostprocessing = 0;
		};
/* End PBXResourcesBuildPhase section */

/* Begin PBXSourcesBuildPhase section */
		58EB395894FDB5A0F5DEB4FA /* Sources */ = {
			isa = PBXSourcesBuildPhase;
			buildActionMask = 2147483647;
			files = (
			);
			runOnlyForDeploymentPostprocessing = 0;
		};
/* End PBXSourcesBuildPhase section */

/* Begin XCBuildConfiguration section */
		069A066A172FC30E09BA1569 /* Debug */ = {
			isa = XCBuildConfiguration;
			buildSettings = {
				BUNDLE_LOADER = "$(BUILT_PRODUCTS_DIR)/Wrappa Tests.app/Wrappa Tests";
				FRAMEWORK_SEARCH_PATHS = (
					"$(SDKROOT)/Developer/Library/Frameworks",
					"$(inherited)",
					"$(DEVELOPER_FRAMEWORKS_DIR)",
				);
				GCC_PREFIX_HEADER = "Wrappa Tests/Supporting Files/Wrappa Tests-Prefix.pch";
				PRODUCT_NAME = "$(TARGET_NAME)";
				SDKROOT = iphoneos;
				SKIP_INSTALL = YES;
				TEST_HOST = "$(BUNDLE_LOADER)";
				WRAPPER_EXTENSION = xctest;
			};
			name = Debug;
		};
		1C112F64B872E1DBBF2D3D59 /* Release */ = {
			isa = XCBuildConfiguration;
			buildSettings = {
				ALWAYS_SEARCH_USER_PATHS = NO;
				ASSETCATALOG_COMPILER_APPICON_NAME = AppIcon;
				CLANG_CXX_LANGUAGE_STANDARD = "gnu++0x";
				CLANG_CXX_LIBRARY = "libc++";
				CLANG_ENABLE_MODULES = YES;
				CLANG_ENABLE_OBJC_ARC = YES;
				CLANG_WARN_BOOL_CONVERSION = YES;
				CLANG_WARN_CONSTANT_CONVERSION = YES;
				CLANG_WARN_DIRECT_OBJC_ISA_USAGE = YES;
				CLANG_WARN_EMPTY_BODY = YES;
				CLANG_WARN_ENUM_CONVERSION = YES;
				CLANG_WARN_INT_CONVERSION = YES;
				CLANG_WARN_OBJC_ROOT_CLASS = YES;
				"CODE_SIGN_IDENTITY[sdk=iphoneos*]" = "iPhone Developer";
				COPY_PHASE_STRIP = NO;
				ENABLE_NS_ASSERTIONS = NO;
				GCC_C_LANGUAGE_STANDARD = gnu99;
				GCC_WARN_64_TO_32_BIT_CONVERSION = YES;
				GCC_WARN_ABOUT_RETURN_TYPE = YES;
				GCC_WARN_UNDECLARED_SELECTOR = YES;
				GCC_WARN_UNINITIALIZED_AUTOS = YES;
				GCC_WARN_UNUSED_FUNCTION = YES;
				GCC_WARN_UNUSED_VARIABLE = YES;
				IPHONEOS_DEPLOYMENT_TARGET = 8.0;
				SDKROOT = iphoneos;
				VALIDATE_PRODUCT = YES;
			};
			name = Release;
		};
		738D1FEAA20B06FDF6BB8AD4 /* Release */ = {
			isa = XCBuildConfiguration;
			buildSettings = {
				BUNDLE_LOADER = "$(BUILT_PRODUCTS_DIR)/Wrappa Tests.app/Wrappa Tests";
				FRAMEWORK_SEARCH_PATHS = (
					"$(SDKROOT)/Developer/Library/Frameworks",
					"$(inherited)",
					"$(DEVELOPER_FRAMEWORKS_DIR)",
				);
				GCC_PREFIX_HEADER = "Wrappa Tests/Supporting Files/Wrappa Tests-Prefix.pch";
				PRODUCT_NAME = "$(TARGET_NAME)";
				SDKROOT = iphoneos;
				SKIP_INSTALL = YES;
				TEST_HOST = "$(BUNDLE_LOADER)";
				WRAPPER_EXTENSION = xctest;
			};
			name = Release;
		};
		EC8FD9459707226B080DC365 /* Debug */ = {
			isa = XCBuildConfiguration;
			buildSettings = {
				ALWAYS_SEARCH_USER_PATHS = NO;
				ASSETCATALOG_COMPILER_APPICON_NAME = AppIcon;
				CLANG_CXX_LANGUAGE_STANDARD = "gnu++0x";
				CLANG_CXX_LIBRARY = "libc++";
				CLANG_ENABLE_MODULES = YES;
				CLANG_ENABLE_OBJC_ARC = YES;
				CLANG_WARN_BOOL_CONVERSION = YES;
				CLANG_WARN_CONSTANT_CONVERSION = YES;
				CLANG_WARN_DIRECT_OBJC_ISA_USAGE = YES;
				CLANG_WARN_EMPTY_BODY = YES;
				CLANG_WARN_ENUM_CONVERSION = YES;
				CLANG_WARN_INT_CONVERSION = YES;
				CLANG_WARN_OBJC_ROOT_CLASS = YES;
				"CODE_SIGN_IDENTITY[sdk=iphoneos*]" = "iPhone Developer";
				COPY_PHASE_STRIP = YES;
				GCC_C_LANGUAGE_STANDARD = gnu99;
				GCC_DYNAMIC_NO_PIC = NO;
				GCC_OPTIMIZATION_LEVEL = 0;
				GCC_PREPROCESSOR_DEFINITIONS = (
					"DEBUG=1",
					"$(inherited)",
				);
				GCC_SYMBOLS_PRIVATE_EXTERN = NO;
				GCC_WARN_64_TO_32_BIT_CONVERSION = YES;
				GCC_WARN_ABOUT_RETURN_TYPE = YES;
				GCC_WARN_UNDECLARED_SELECTOR = YES;
				GCC_WARN_UNINITIALIZED_AUTOS = YES;
				GCC_WARN_UNUSED_FUNCTION = YES;
				GCC_WARN_UNUSED_VARIABLE = YES;
				IPHONEOS_DEPLOYMENT_TARGET = 8.0;
				ONLY_ACTIVE_ARCH = YES;
				SDKROOT = iphoneos;
			};
			name = Debug;
		};
/* End XCBuildConfiguration section */

/* Begin XCConfigurationList section */
		3575A4E2CDDA56B61D282C11 /* Build configuration list for PBXNativeTarget "UnitTests" */ = {
			isa = XCConfigurationList;
			buildConfigurations = (
				738D1FEAA20B06FDF6BB8AD4 /* Release */,
				069A066A172FC30E09BA1569 /* Debug */,
			);
			defaultConfigurationIsVisible = 0;
			defaultConfigurationName = Release;
		};
		7945D10614F7BD06A03F2871 /* Build configuration list for PBXProject "Wrappa Tests" */ = {
			isa = XCConfigurationList;
			buildConfigurations = (
				EC8FD9459707226B080DC365 /* Debug */,
				1C112F64B872E1DBBF2D3D59 /* Release */,
			);
			defaultConfigurationIsVisible = 0;
			defaultConfigurationName = Release;
		};
/* End XCConfigurationList section */
	};
	rootObject = E8A6B31FABFB0F6D63A9DC52 /* Project object */;
}
